// !$*UTF8*$!
{
	archiveVersion = 1;
	classes = {
	};
	objectVersion = 56;
	objects = {

/* Begin PBXBuildFile section */
		233E996C2C08C2CC00BE93AC /* CanvasPreviewApp.swift in Sources */ = {isa = PBXBuildFile; fileRef = 233E996B2C08C2CC00BE93AC /* CanvasPreviewApp.swift */; };
		233E996E2C08C2CC00BE93AC /* ContentView.swift in Sources */ = {isa = PBXBuildFile; fileRef = 233E996D2C08C2CC00BE93AC /* ContentView.swift */; };
		233E99702C08C2CD00BE93AC /* Assets.xcassets in Resources */ = {isa = PBXBuildFile; fileRef = 233E996F2C08C2CD00BE93AC /* Assets.xcassets */; };
		233E99732C08C2CD00BE93AC /* Preview Assets.xcassets in Resources */ = {isa = PBXBuildFile; fileRef = 233E99722C08C2CD00BE93AC /* Preview Assets.xcassets */; };
		233E997D2C08C2CD00BE93AC /* CanvasPreviewTests.swift in Sources */ = {isa = PBXBuildFile; fileRef = 233E997C2C08C2CD00BE93AC /* CanvasPreviewTests.swift */; };
		233E99872C08C2CD00BE93AC /* CanvasPreviewUITests.swift in Sources */ = {isa = PBXBuildFile; fileRef = 233E99862C08C2CD00BE93AC /* CanvasPreviewUITests.swift */; };
		233E99892C08C2CD00BE93AC /* CanvasPreviewUITestsLaunchTests.swift in Sources */ = {isa = PBXBuildFile; fileRef = 233E99882C08C2CD00BE93AC /* CanvasPreviewUITestsLaunchTests.swift */; };
		233E99962C08C2ED00BE93AC /* PostView.swift in Sources */ = {isa = PBXBuildFile; fileRef = 233E99952C08C2ED00BE93AC /* PostView.swift */; };
/* End PBXBuildFile section */

/* Begin PBXContainerItemProxy section */
		233E99792C08C2CD00BE93AC /* PBXContainerItemProxy */ = {
			isa = PBXContainerItemProxy;
			containerPortal = 233E99602C08C2CC00BE93AC /* Project object */;
			proxyType = 1;
			remoteGlobalIDString = 233E99672C08C2CC00BE93AC;
			remoteInfo = CanvasPreview;
		};
		233E99832C08C2CD00BE93AC /* PBXContainerItemProxy */ = {
			isa = PBXContainerItemProxy;
			containerPortal = 233E99602C08C2CC00BE93AC /* Project object */;
			proxyType = 1;
			remoteGlobalIDString = 233E99672C08C2CC00BE93AC;
			remoteInfo = CanvasPreview;
		};
/* End PBXContainerItemProxy section */

/* Begin PBXFileReference section */
		233E99682C08C2CC00BE93AC /* CanvasPreview.app */ = {isa = PBXFileReference; explicitFileType = wrapper.application; includeInIndex = 0; path = CanvasPreview.app; sourceTree = BUILT_PRODUCTS_DIR; };
		233E996B2C08C2CC00BE93AC /* CanvasPreviewApp.swift */ = {isa = PBXFileReference; lastKnownFileType = sourcecode.swift; path = CanvasPreviewApp.swift; sourceTree = "<group>"; };
		233E996D2C08C2CC00BE93AC /* ContentView.swift */ = {isa = PBXFileReference; lastKnownFileType = sourcecode.swift; path = ContentView.swift; sourceTree = "<group>"; };
		233E996F2C08C2CD00BE93AC /* Assets.xcassets */ = {isa = PBXFileReference; lastKnownFileType = folder.assetcatalog; path = Assets.xcassets; sourceTree = "<group>"; };
		233E99722C08C2CD00BE93AC /* Preview Assets.xcassets */ = {isa = PBXFileReference; lastKnownFileType = folder.assetcatalog; path = "Preview Assets.xcassets"; sourceTree = "<group>"; };
		233E99782C08C2CD00BE93AC /* CanvasPreviewTests.xctest */ = {isa = PBXFileReference; explicitFileType = wrapper.cfbundle; includeInIndex = 0; path = CanvasPreviewTests.xctest; sourceTree = BUILT_PRODUCTS_DIR; };
		233E997C2C08C2CD00BE93AC /* CanvasPreviewTests.swift */ = {isa = PBXFileReference; lastKnownFileType = sourcecode.swift; path = CanvasPreviewTests.swift; sourceTree = "<group>"; };
		233E99822C08C2CD00BE93AC /* CanvasPreviewUITests.xctest */ = {isa = PBXFileReference; explicitFileType = wrapper.cfbundle; includeInIndex = 0; path = CanvasPreviewUITests.xctest; sourceTree = BUILT_PRODUCTS_DIR; };
		233E99862C08C2CD00BE93AC /* CanvasPreviewUITests.swift */ = {isa = PBXFileReference; lastKnownFileType = sourcecode.swift; path = CanvasPreviewUITests.swift; sourceTree = "<group>"; };
		233E99882C08C2CD00BE93AC /* CanvasPreviewUITestsLaunchTests.swift */ = {isa = PBXFileReference; lastKnownFileType = sourcecode.swift; path = CanvasPreviewUITestsLaunchTests.swift; sourceTree = "<group>"; };
		233E99952C08C2ED00BE93AC /* PostView.swift */ = {isa = PBXFileReference; lastKnownFileType = sourcecode.swift; path = PostView.swift; sourceTree = "<group>"; };
/* End PBXFileReference section */

/* Begin PBXFrameworksBuildPhase section */
		233E99652C08C2CC00BE93AC /* Frameworks */ = {
			isa = PBXFrameworksBuildPhase;
			buildActionMask = 2147483647;
			files = (
			);
			runOnlyForDeploymentPostprocessing = 0;
		};
		233E99752C08C2CD00BE93AC /* Frameworks */ = {
			isa = PBXFrameworksBuildPhase;
			buildActionMask = 2147483647;
			files = (
			);
			runOnlyForDeploymentPostprocessing = 0;
		};
		233E997F2C08C2CD00BE93AC /* Frameworks */ = {
			isa = PBXFrameworksBuildPhase;
			buildActionMask = 2147483647;
			files = (
			);
			runOnlyForDeploymentPostprocessing = 0;
		};
/* End PBXFrameworksBuildPhase section */

/* Begin PBXGroup section */
		233E995F2C08C2CC00BE93AC = {
			isa = PBXGroup;
			children = (
				233E996A2C08C2CC00BE93AC /* CanvasPreview */,
				233E997B2C08C2CD00BE93AC /* CanvasPreviewTests */,
				233E99852C08C2CD00BE93AC /* CanvasPreviewUITests */,
				233E99692C08C2CC00BE93AC /* Products */,
			);
			sourceTree = "<group>";
		};
		233E99692C08C2CC00BE93AC /* Products */ = {
			isa = PBXGroup;
			children = (
				233E99682C08C2CC00BE93AC /* CanvasPreview.app */,
				233E99782C08C2CD00BE93AC /* CanvasPreviewTests.xctest */,
				233E99822C08C2CD00BE93AC /* CanvasPreviewUITests.xctest */,
			);
			name = Products;
			sourceTree = "<group>";
		};
		233E996A2C08C2CC00BE93AC /* CanvasPreview */ = {
			isa = PBXGroup;
			children = (
				233E996B2C08C2CC00BE93AC /* CanvasPreviewApp.swift */,
				233E996D2C08C2CC00BE93AC /* ContentView.swift */,
				233E99952C08C2ED00BE93AC /* PostView.swift */,
				233E996F2C08C2CD00BE93AC /* Assets.xcassets */,
				233E99712C08C2CD00BE93AC /* Preview Content */,
			);
			path = CanvasPreview;
			sourceTree = "<group>";
		};
		233E99712C08C2CD00BE93AC /* Preview Content */ = {
			isa = PBXGroup;
			children = (
				233E99722C08C2CD00BE93AC /* Preview Assets.xcassets */,
			);
			path = "Preview Content";
			sourceTree = "<group>";
		};
		233E997B2C08C2CD00BE93AC /* CanvasPreviewTests */ = {
			isa = PBXGroup;
			children = (
				233E997C2C08C2CD00BE93AC /* CanvasPreviewTests.swift */,
			);
			path = CanvasPreviewTests;
			sourceTree = "<group>";
		};
		233E99852C08C2CD00BE93AC /* CanvasPreviewUITests */ = {
			isa = PBXGroup;
			children = (
				233E99862C08C2CD00BE93AC /* CanvasPreviewUITests.swift */,
				233E99882C08C2CD00BE93AC /* CanvasPreviewUITestsLaunchTests.swift */,
			);
			path = CanvasPreviewUITests;
			sourceTree = "<group>";
		};
/* End PBXGroup section */

/* Begin PBXNativeTarget section */
		233E99672C08C2CC00BE93AC /* CanvasPreview */ = {
			isa = PBXNativeTarget;
			buildConfigurationList = 233E998C2C08C2CD00BE93AC /* Build configuration list for PBXNativeTarget "CanvasPreview" */;
			buildPhases = (
				233E99642C08C2CC00BE93AC /* Sources */,
				233E99652C08C2CC00BE93AC /* Frameworks */,
				233E99662C08C2CC00BE93AC /* Resources */,
			);
			buildRules = (
			);
			dependencies = (
			);
			name = CanvasPreview;
			productName = CanvasPreview;
			productReference = 233E99682C08C2CC00BE93AC /* CanvasPreview.app */;
			productType = "com.apple.product-type.application";
		};
		233E99772C08C2CD00BE93AC /* CanvasPreviewTests */ = {
			isa = PBXNativeTarget;
			buildConfigurationList = 233E998F2C08C2CD00BE93AC /* Build configuration list for PBXNativeTarget "CanvasPreviewTests" */;
			buildPhases = (
				233E99742C08C2CD00BE93AC /* Sources */,
				233E99752C08C2CD00BE93AC /* Frameworks */,
				233E99762C08C2CD00BE93AC /* Resources */,
			);
			buildRules = (
			);
			dependencies = (
				233E997A2C08C2CD00BE93AC /* PBXTargetDependency */,
			);
			name = CanvasPreviewTests;
			productName = CanvasPreviewTests;
			productReference = 233E99782C08C2CD00BE93AC /* CanvasPreviewTests.xctest */;
			productType = "com.apple.product-type.bundle.unit-test";
		};
		233E99812C08C2CD00BE93AC /* CanvasPreviewUITests */ = {
			isa = PBXNativeTarget;
			buildConfigurationList = 233E99922C08C2CD00BE93AC /* Build configuration list for PBXNativeTarget "CanvasPreviewUITests" */;
			buildPhases = (
				233E997E2C08C2CD00BE93AC /* Sources */,
				233E997F2C08C2CD00BE93AC /* Frameworks */,
				233E99802C08C2CD00BE93AC /* Resources */,
			);
			buildRules = (
			);
			dependencies = (
				233E99842C08C2CD00BE93AC /* PBXTargetDependency */,
			);
			name = CanvasPreviewUITests;
			productName = CanvasPreviewUITests;
			productReference = 233E99822C08C2CD00BE93AC /* CanvasPreviewUITests.xctest */;
			productType = "com.apple.product-type.bundle.ui-testing";
		};
/* End PBXNativeTarget section */

/* Begin PBXProject section */
		233E99602C08C2CC00BE93AC /* Project object */ = {
			isa = PBXProject;
			attributes = {
				BuildIndependentTargetsInParallel = 1;
				LastSwiftUpdateCheck = 1540;
				LastUpgradeCheck = 1540;
				TargetAttributes = {
					233E99672C08C2CC00BE93AC = {
						CreatedOnToolsVersion = 15.4;
					};
					233E99772C08C2CD00BE93AC = {
						CreatedOnToolsVersion = 15.4;
						TestTargetID = 233E99672C08C2CC00BE93AC;
					};
					233E99812C08C2CD00BE93AC = {
						CreatedOnToolsVersion = 15.4;
						TestTargetID = 233E99672C08C2CC00BE93AC;
					};
				};
			};
			buildConfigurationList = 233E99632C08C2CC00BE93AC /* Build configuration list for PBXProject "CanvasPreview" */;
			compatibilityVersion = "Xcode 14.0";
			developmentRegion = en;
			hasScannedForEncodings = 0;
			knownRegions = (
				en,
				Base,
			);
			mainGroup = 233E995F2C08C2CC00BE93AC;
			productRefGroup = 233E99692C08C2CC00BE93AC /* Products */;
			projectDirPath = "";
			projectRoot = "";
			targets = (
				233E99672C08C2CC00BE93AC /* CanvasPreview */,
				233E99772C08C2CD00BE93AC /* CanvasPreviewTests */,
				233E99812C08C2CD00BE93AC /* CanvasPreviewUITests */,
			);
		};
/* End PBXProject section */

/* Begin PBXResourcesBuildPhase section */
		233E99662C08C2CC00BE93AC /* Resources */ = {
			isa = PBXResourcesBuildPhase;
			buildActionMask = 2147483647;
			files = (
				233E99732C08C2CD00BE93AC /* Preview Assets.xcassets in Resources */,
				233E99702C08C2CD00BE93AC /* Assets.xcassets in Resources */,
			);
			runOnlyForDeploymentPostprocessing = 0;
		};
		233E99762C08C2CD00BE93AC /* Resources */ = {
			isa = PBXResourcesBuildPhase;
			buildActionMask = 2147483647;
			files = (
			);
			runOnlyForDeploymentPostprocessing = 0;
		};
		233E99802C08C2CD00BE93AC /* Resources */ = {
			isa = PBXResourcesBuildPhase;
			buildActionMask = 2147483647;
			files = (
			);
			runOnlyForDeploymentPostprocessing = 0;
		};
/* End PBXResourcesBuildPhase section */

/* Begin PBXSourcesBuildPhase section */
		233E99642C08C2CC00BE93AC /* Sources */ = {
			isa = PBXSourcesBuildPhase;
			buildActionMask = 2147483647;
			files = (
				233E996E2C08C2CC00BE93AC /* ContentView.swift in Sources */,
				233E99962C08C2ED00BE93AC /* PostView.swift in Sources */,
				233E996C2C08C2CC00BE93AC /* CanvasPreviewApp.swift in Sources */,
			);
			runOnlyForDeploymentPostprocessing = 0;
		};
		233E99742C08C2CD00BE93AC /* Sources */ = {
			isa = PBXSourcesBuildPhase;
			buildActionMask = 2147483647;
			files = (
				233E997D2C08C2CD00BE93AC /* CanvasPreviewTests.swift in Sources */,
			);
			runOnlyForDeploymentPostprocessing = 0;
		};
		233E997E2C08C2CD00BE93AC /* Sources */ = {
			isa = PBXSourcesBuildPhase;
			buildActionMask = 2147483647;
			files = (
				233E99872C08C2CD00BE93AC /* CanvasPreviewUITests.swift in Sources */,
				233E99892C08C2CD00BE93AC /* CanvasPreviewUITestsLaunchTests.swift in Sources */,
			);
			runOnlyForDeploymentPostprocessing = 0;
		};
/* End PBXSourcesBuildPhase section */

/* Begin PBXTargetDependency section */
		233E997A2C08C2CD00BE93AC /* PBXTargetDependency */ = {
			isa = PBXTargetDependency;
			target = 233E99672C08C2CC00BE93AC /* CanvasPreview */;
			targetProxy = 233E99792C08C2CD00BE93AC /* PBXContainerItemProxy */;
		};
		233E99842C08C2CD00BE93AC /* PBXTargetDependency */ = {
			isa = PBXTargetDependency;
			target = 233E99672C08C2CC00BE93AC /* CanvasPreview */;
			targetProxy = 233E99832C08C2CD00BE93AC /* PBXContainerItemProxy */;
		};
/* End PBXTargetDependency section */

/* Begin XCBuildConfiguration section */
		233E998A2C08C2CD00BE93AC /* Debug */ = {
			isa = XCBuildConfiguration;
			buildSettings = {
				ALWAYS_SEARCH_USER_PATHS = NO;
				ASSETCATALOG_COMPILER_GENERATE_SWIFT_ASSET_SYMBOL_EXTENSIONS = YES;
				CLANG_ANALYZER_NONNULL = YES;
				CLANG_ANALYZER_NUMBER_OBJECT_CONVERSION = YES_AGGRESSIVE;
				CLANG_CXX_LANGUAGE_STANDARD = "gnu++20";
				CLANG_ENABLE_MODULES = YES;
				CLANG_ENABLE_OBJC_ARC = YES;
				CLANG_ENABLE_OBJC_WEAK = YES;
				CLANG_WARN_BLOCK_CAPTURE_AUTORELEASING = YES;
				CLANG_WARN_BOOL_CONVERSION = YES;
				CLANG_WARN_COMMA = YES;
				CLANG_WARN_CONSTANT_CONVERSION = YES;
				CLANG_WARN_DEPRECATED_OBJC_IMPLEMENTATIONS = YES;
				CLANG_WARN_DIRECT_OBJC_ISA_USAGE = YES_ERROR;
				CLANG_WARN_DOCUMENTATION_COMMENTS = YES;
				CLANG_WARN_EMPTY_BODY = YES;
				CLANG_WARN_ENUM_CONVERSION = YES;
				CLANG_WARN_INFINITE_RECURSION = YES;
				CLANG_WARN_INT_CONVERSION = YES;
				CLANG_WARN_NON_LITERAL_NULL_CONVERSION = YES;
				CLANG_WARN_OBJC_IMPLICIT_RETAIN_SELF = YES;
				CLANG_WARN_OBJC_LITERAL_CONVERSION = YES;
				CLANG_WARN_OBJC_ROOT_CLASS = YES_ERROR;
				CLANG_WARN_QUOTED_INCLUDE_IN_FRAMEWORK_HEADER = YES;
				CLANG_WARN_RANGE_LOOP_ANALYSIS = YES;
				CLANG_WARN_STRICT_PROTOTYPES = YES;
				CLANG_WARN_SUSPICIOUS_MOVE = YES;
				CLANG_WARN_UNGUARDED_AVAILABILITY = YES_AGGRESSIVE;
				CLANG_WARN_UNREACHABLE_CODE = YES;
				CLANG_WARN__DUPLICATE_METHOD_MATCH = YES;
				COPY_PHASE_STRIP = NO;
				DEBUG_INFORMATION_FORMAT = dwarf;
				ENABLE_STRICT_OBJC_MSGSEND = YES;
				ENABLE_TESTABILITY = YES;
				ENABLE_USER_SCRIPT_SANDBOXING = YES;
				GCC_C_LANGUAGE_STANDARD = gnu17;
				GCC_DYNAMIC_NO_PIC = NO;
				GCC_NO_COMMON_BLOCKS = YES;
				GCC_OPTIMIZATION_LEVEL = 0;
				GCC_PREPROCESSOR_DEFINITIONS = (
					"DEBUG=1",
					"$(inherited)",
				);
				GCC_WARN_64_TO_32_BIT_CONVERSION = YES;
				GCC_WARN_ABOUT_RETURN_TYPE = YES_ERROR;
				GCC_WARN_UNDECLARED_SELECTOR = YES;
				GCC_WARN_UNINITIALIZED_AUTOS = YES_AGGRESSIVE;
				GCC_WARN_UNUSED_FUNCTION = YES;
				GCC_WARN_UNUSED_VARIABLE = YES;
				IPHONEOS_DEPLOYMENT_TARGET = 17.5;
				LOCALIZATION_PREFERS_STRING_CATALOGS = YES;
				MTL_ENABLE_DEBUG_INFO = INCLUDE_SOURCE;
				MTL_FAST_MATH = YES;
				ONLY_ACTIVE_ARCH = YES;
				SDKROOT = iphoneos;
				SWIFT_ACTIVE_COMPILATION_CONDITIONS = "DEBUG $(inherited)";
				SWIFT_OPTIMIZATION_LEVEL = "-Onone";
			};
			name = Debug;
		};
		233E998B2C08C2CD00BE93AC /* Release */ = {
			isa = XCBuildConfiguration;
			buildSettings = {
				ALWAYS_SEARCH_USER_PATHS = NO;
				ASSETCATALOG_COMPILER_GENERATE_SWIFT_ASSET_SYMBOL_EXTENSIONS = YES;
				CLANG_ANALYZER_NONNULL = YES;
				CLANG_ANALYZER_NUMBER_OBJECT_CONVERSION = YES_AGGRESSIVE;
				CLANG_CXX_LANGUAGE_STANDARD = "gnu++20";
				CLANG_ENABLE_MODULES = YES;
				CLANG_ENABLE_OBJC_ARC = YES;
				CLANG_ENABLE_OBJC_WEAK = YES;
				CLANG_WARN_BLOCK_CAPTURE_AUTORELEASING = YES;
				CLANG_WARN_BOOL_CONVERSION = YES;
				CLANG_WARN_COMMA = YES;
				CLANG_WARN_CONSTANT_CONVERSION = YES;
				CLANG_WARN_DEPRECATED_OBJC_IMPLEMENTATIONS = YES;
				CLANG_WARN_DIRECT_OBJC_ISA_USAGE = YES_ERROR;
				CLANG_WARN_DOCUMENTATION_COMMENTS = YES;
				CLANG_WARN_EMPTY_BODY = YES;
				CLANG_WARN_ENUM_CONVERSION = YES;
				CLANG_WARN_INFINITE_RECURSION = YES;
				CLANG_WARN_INT_CONVERSION = YES;
				CLANG_WARN_NON_LITERAL_NULL_CONVERSION = YES;
				CLANG_WARN_OBJC_IMPLICIT_RETAIN_SELF = YES;
				CLANG_WARN_OBJC_LITERAL_CONVERSION = YES;
				CLANG_WARN_OBJC_ROOT_CLASS = YES_ERROR;
				CLANG_WARN_QUOTED_INCLUDE_IN_FRAMEWORK_HEADER = YES;
				CLANG_WARN_RANGE_LOOP_ANALYSIS = YES;
				CLANG_WARN_STRICT_PROTOTYPES = YES;
				CLANG_WARN_SUSPICIOUS_MOVE = YES;
				CLANG_WARN_UNGUARDED_AVAILABILITY = YES_AGGRESSIVE;
				CLANG_WARN_UNREACHABLE_CODE = YES;
				CLANG_WARN__DUPLICATE_METHOD_MATCH = YES;
				COPY_PHASE_STRIP = NO;
				DEBUG_INFORMATION_FORMAT = "dwarf-with-dsym";
				ENABLE_NS_ASSERTIONS = NO;
				ENABLE_STRICT_OBJC_MSGSEND = YES;
				ENABLE_USER_SCRIPT_SANDBOXING = YES;
				GCC_C_LANGUAGE_STANDARD = gnu17;
				GCC_NO_COMMON_BLOCKS = YES;
				GCC_WARN_64_TO_32_BIT_CONVERSION = YES;
				GCC_WARN_ABOUT_RETURN_TYPE = YES_ERROR;
				GCC_WARN_UNDECLARED_SELECTOR = YES;
				GCC_WARN_UNINITIALIZED_AUTOS = YES_AGGRESSIVE;
				GCC_WARN_UNUSED_FUNCTION = YES;
				GCC_WARN_UNUSED_VARIABLE = YES;
				IPHONEOS_DEPLOYMENT_TARGET = 17.5;
				LOCALIZATION_PREFERS_STRING_CATALOGS = YES;
				MTL_ENABLE_DEBUG_INFO = NO;
				MTL_FAST_MATH = YES;
				SDKROOT = iphoneos;
				SWIFT_COMPILATION_MODE = wholemodule;
				VALIDATE_PRODUCT = YES;
			};
			name = Release;
		};
		233E998D2C08C2CD00BE93AC /* Debug */ = {
			isa = XCBuildConfiguration;
			buildSettings = {
				ASSETCATALOG_COMPILER_APPICON_NAME = AppIcon;
				ASSETCATALOG_COMPILER_GLOBAL_ACCENT_COLOR_NAME = AccentColor;
				CODE_SIGN_STYLE = Automatic;
				CURRENT_PROJECT_VERSION = 1;
				DEVELOPMENT_ASSET_PATHS = "\"CanvasPreview/Preview Content\"";
				DEVELOPMENT_TEAM = 456T4LX972;
				ENABLE_PREVIEWS = YES;
				GENERATE_INFOPLIST_FILE = YES;
				INFOPLIST_KEY_UIApplicationSceneManifest_Generation = YES;
				INFOPLIST_KEY_UIApplicationSupportsIndirectInputEvents = YES;
				INFOPLIST_KEY_UILaunchScreen_Generation = YES;
				INFOPLIST_KEY_UISupportedInterfaceOrientations_iPad = "UIInterfaceOrientationPortrait UIInterfaceOrientationPortraitUpsideDown UIInterfaceOrientationLandscapeLeft UIInterfaceOrientationLandscapeRight";
				INFOPLIST_KEY_UISupportedInterfaceOrientations_iPhone = "UIInterfaceOrientationPortrait UIInterfaceOrientationLandscapeLeft UIInterfaceOrientationLandscapeRight";
				LD_RUNPATH_SEARCH_PATHS = (
					"$(inherited)",
					"@executable_path/Frameworks",
				);
				MARKETING_VERSION = 1.0;
				PRODUCT_BUNDLE_IDENTIFIER = com.gungorbasa.CanvasPreview;
				PRODUCT_NAME = "$(TARGET_NAME)";
				SWIFT_EMIT_LOC_STRINGS = YES;
				SWIFT_VERSION = 5.0;
				TARGETED_DEVICE_FAMILY = "1,2";
			};
			name = Debug;
		};
		233E998E2C08C2CD00BE93AC /* Release */ = {
			isa = XCBuildConfiguration;
			buildSettings = {
				ASSETCATALOG_COMPILER_APPICON_NAME = AppIcon;
				ASSETCATALOG_COMPILER_GLOBAL_ACCENT_COLOR_NAME = AccentColor;
				CODE_SIGN_STYLE = Automatic;
				CURRENT_PROJECT_VERSION = 1;
				DEVELOPMENT_ASSET_PATHS = "\"CanvasPreview/Preview Content\"";
				DEVELOPMENT_TEAM = 456T4LX972;
				ENABLE_PREVIEWS = YES;
				GENERATE_INFOPLIST_FILE = YES;
				INFOPLIST_KEY_UIApplicationSceneManifest_Generation = YES;
				INFOPLIST_KEY_UIApplicationSupportsIndirectInputEvents = YES;
				INFOPLIST_KEY_UILaunchScreen_Generation = YES;
				INFOPLIST_KEY_UISupportedInterfaceOrientations_iPad = "UIInterfaceOrientationPortrait UIInterfaceOrientationPortraitUpsideDown UIInterfaceOrientationLandscapeLeft UIInterfaceOrientationLandscapeRight";
				INFOPLIST_KEY_UISupportedInterfaceOrientations_iPhone = "UIInterfaceOrientationPortrait UIInterfaceOrientationLandscapeLeft UIInterfaceOrientationLandscapeRight";
				LD_RUNPATH_SEARCH_PATHS = (
					"$(inherited)",
					"@executable_path/Frameworks",
				);
				MARKETING_VERSION = 1.0;
				PRODUCT_BUNDLE_IDENTIFIER = com.gungorbasa.CanvasPreview;
				PRODUCT_NAME = "$(TARGET_NAME)";
				SWIFT_EMIT_LOC_STRINGS = YES;
				SWIFT_VERSION = 5.0;
				TARGETED_DEVICE_FAMILY = "1,2";
			};
			name = Release;
		};
		233E99902C08C2CD00BE93AC /* Debug */ = {
			isa = XCBuildConfiguration;
			buildSettings = {
				ALWAYS_EMBED_SWIFT_STANDARD_LIBRARIES = YES;
				BUNDLE_LOADER = "$(TEST_HOST)";
				CODE_SIGN_STYLE = Automatic;
				CURRENT_PROJECT_VERSION = 1;
				DEVELOPMENT_TEAM = 456T4LX972;
				GENERATE_INFOPLIST_FILE = YES;
				IPHONEOS_DEPLOYMENT_TARGET = 17.5;
				MARKETING_VERSION = 1.0;
				PRODUCT_BUNDLE_IDENTIFIER = com.gungorbasa.CanvasPreviewTests;
				PRODUCT_NAME = "$(TARGET_NAME)";
				SWIFT_EMIT_LOC_STRINGS = NO;
				SWIFT_VERSION = 5.0;
				TARGETED_DEVICE_FAMILY = "1,2";
				TEST_HOST = "$(BUILT_PRODUCTS_DIR)/CanvasPreview.app/$(BUNDLE_EXECUTABLE_FOLDER_PATH)/CanvasPreview";
			};
			name = Debug;
		};
		233E99912C08C2CD00BE93AC /* Release */ = {
			isa = XCBuildConfiguration;
			buildSettings = {
				ALWAYS_EMBED_SWIFT_STANDARD_LIBRARIES = YES;
				BUNDLE_LOADER = "$(TEST_HOST)";
				CODE_SIGN_STYLE = Automatic;
				CURRENT_PROJECT_VERSION = 1;
				DEVELOPMENT_TEAM = 456T4LX972;
				GENERATE_INFOPLIST_FILE = YES;
				IPHONEOS_DEPLOYMENT_TARGET = 17.5;
				MARKETING_VERSION = 1.0;
				PRODUCT_BUNDLE_IDENTIFIER = com.gungorbasa.CanvasPreviewTests;
				PRODUCT_NAME = "$(TARGET_NAME)";
				SWIFT_EMIT_LOC_STRINGS = NO;
				SWIFT_VERSION = 5.0;
				TARGETED_DEVICE_FAMILY = "1,2";
				TEST_HOST = "$(BUILT_PRODUCTS_DIR)/CanvasPreview.app/$(BUNDLE_EXECUTABLE_FOLDER_PATH)/CanvasPreview";
			};
			name = Release;
		};
		233E99932C08C2CD00BE93AC /* Debug */ = {
			isa = XCBuildConfiguration;
			buildSettings = {
				ALWAYS_EMBED_SWIFT_STANDARD_LIBRARIES = YES;
				CODE_SIGN_STYLE = Automatic;
				CURRENT_PROJECT_VERSION = 1;
				DEVELOPMENT_TEAM = 456T4LX972;
				GENERATE_INFOPLIST_FILE = YES;
				MARKETING_VERSION = 1.0;
				PRODUCT_BUNDLE_IDENTIFIER = com.gungorbasa.CanvasPreviewUITests;
				PRODUCT_NAME = "$(TARGET_NAME)";
				SWIFT_EMIT_LOC_STRINGS = NO;
				SWIFT_VERSION = 5.0;
				TARGETED_DEVICE_FAMILY = "1,2";
				TEST_TARGET_NAME = CanvasPreview;
			};
			name = Debug;
		};
		233E99942C08C2CD00BE93AC /* Release */ = {
			isa = XCBuildConfiguration;
			buildSettings = {
				ALWAYS_EMBED_SWIFT_STANDARD_LIBRARIES = YES;
				CODE_SIGN_STYLE = Automatic;
				CURRENT_PROJECT_VERSION = 1;
				DEVELOPMENT_TEAM = 456T4LX972;
				GENERATE_INFOPLIST_FILE = YES;
				MARKETING_VERSION = 1.0;
				PRODUCT_BUNDLE_IDENTIFIER = com.gungorbasa.CanvasPreviewUITests;
				PRODUCT_NAME = "$(TARGET_NAME)";
				SWIFT_EMIT_LOC_STRINGS = NO;
				SWIFT_VERSION = 5.0;
				TARGETED_DEVICE_FAMILY = "1,2";
				TEST_TARGET_NAME = CanvasPreview;
			};
			name = Release;
		};
/* End XCBuildConfiguration section */

/* Begin XCConfigurationList section */
		233E99632C08C2CC00BE93AC /* Build configuration list for PBXProject "CanvasPreview" */ = {
			isa = XCConfigurationList;
			buildConfigurations = (
				233E998A2C08C2CD00BE93AC /* Debug */,
				233E998B2C08C2CD00BE93AC /* Release */,
			);
			defaultConfigurationIsVisible = 0;
			defaultConfigurationName = Release;
		};
		233E998C2C08C2CD00BE93AC /* Build configuration list for PBXNativeTarget "CanvasPreview" */ = {
			isa = XCConfigurationList;
			buildConfigurations = (
				233E998D2C08C2CD00BE93AC /* Debug */,
				233E998E2C08C2CD00BE93AC /* Release */,
			);
			defaultConfigurationIsVisible = 0;
			defaultConfigurationName = Release;
		};
		233E998F2C08C2CD00BE93AC /* Build configuration list for PBXNativeTarget "CanvasPreviewTests" */ = {
			isa = XCConfigurationList;
			buildConfigurations = (
				233E99902C08C2CD00BE93AC /* Debug */,
				233E99912C08C2CD00BE93AC /* Release */,
			);
			defaultConfigurationIsVisible = 0;
			defaultConfigurationName = Release;
		};
		233E99922C08C2CD00BE93AC /* Build configuration list for PBXNativeTarget "CanvasPreviewUITests" */ = {
			isa = XCConfigurationList;
			buildConfigurations = (
				233E99932C08C2CD00BE93AC /* Debug */,
				233E99942C08C2CD00BE93AC /* Release */,
			);
			defaultConfigurationIsVisible = 0;
			defaultConfigurationName = Release;
		};
/* End XCConfigurationList section */
	};
	rootObject = 233E99602C08C2CC00BE93AC /* Project object */;
}
