// !$*UTF8*$!
{
	archiveVersion = 1;
	classes = {
	};
	objectVersion = 56;
	objects = {

/* Begin PBXBuildFile section */
		230DABC82C1070B700CE6A39 /* ModernNavigationApp.swift in Sources */ = {isa = PBXBuildFile; fileRef = 230DABC72C1070B700CE6A39 /* ModernNavigationApp.swift */; };
		230DABCA2C1070B700CE6A39 /* ContentView.swift in Sources */ = {isa = PBXBuildFile; fileRef = 230DABC92C1070B700CE6A39 /* ContentView.swift */; };
		230DABCC2C1070B800CE6A39 /* Assets.xcassets in Resources */ = {isa = PBXBuildFile; fileRef = 230DABCB2C1070B800CE6A39 /* Assets.xcassets */; };
		230DABCF2C1070B800CE6A39 /* Preview Assets.xcassets in Resources */ = {isa = PBXBuildFile; fileRef = 230DABCE2C1070B800CE6A39 /* Preview Assets.xcassets */; };
		230DABD72C10715A00CE6A39 /* Category.swift in Sources */ = {isa = PBXBuildFile; fileRef = 230DABD62C10715A00CE6A39 /* Category.swift */; };
		230DABD92C1071C600CE6A39 /* Food.swift in Sources */ = {isa = PBXBuildFile; fileRef = 230DABD82C1071C600CE6A39 /* Food.swift */; };
		230DABDC2C10723400CE6A39 /* Storage.swift in Sources */ = {isa = PBXBuildFile; fileRef = 230DABDB2C10723400CE6A39 /* Storage.swift */; };
		230DABDE2C1072FE00CE6A39 /* Navigation.swift in Sources */ = {isa = PBXBuildFile; fileRef = 230DABDD2C1072FE00CE6A39 /* Navigation.swift */; };
		230DABE12C10734300CE6A39 /* CategoryView.swift in Sources */ = {isa = PBXBuildFile; fileRef = 230DABE02C10734300CE6A39 /* CategoryView.swift */; };
		230DABE32C10741700CE6A39 /* FoodRowView.swift in Sources */ = {isa = PBXBuildFile; fileRef = 230DABE22C10741700CE6A39 /* FoodRowView.swift */; };
		230DABE52C1074D100CE6A39 /* FoodView.swift in Sources */ = {isa = PBXBuildFile; fileRef = 230DABE42C1074D100CE6A39 /* FoodView.swift */; };
/* End PBXBuildFile section */

/* Begin PBXFileReference section */
		230DABC42C1070B700CE6A39 /* ModernNavigation.app */ = {isa = PBXFileReference; explicitFileType = wrapper.application; includeInIndex = 0; path = ModernNavigation.app; sourceTree = BUILT_PRODUCTS_DIR; };
		230DABC72C1070B700CE6A39 /* ModernNavigationApp.swift */ = {isa = PBXFileReference; lastKnownFileType = sourcecode.swift; path = ModernNavigationApp.swift; sourceTree = "<group>"; };
		230DABC92C1070B700CE6A39 /* ContentView.swift */ = {isa = PBXFileReference; lastKnownFileType = sourcecode.swift; path = ContentView.swift; sourceTree = "<group>"; };
		230DABCB2C1070B800CE6A39 /* Assets.xcassets */ = {isa = PBXFileReference; lastKnownFileType = folder.assetcatalog; path = Assets.xcassets; sourceTree = "<group>"; };
		230DABCE2C1070B800CE6A39 /* Preview Assets.xcassets */ = {isa = PBXFileReference; lastKnownFileType = folder.assetcatalog; path = "Preview Assets.xcassets"; sourceTree = "<group>"; };
		230DABD62C10715A00CE6A39 /* Category.swift */ = {isa = PBXFileReference; lastKnownFileType = sourcecode.swift; path = Category.swift; sourceTree = "<group>"; };
		230DABD82C1071C600CE6A39 /* Food.swift */ = {isa = PBXFileReference; lastKnownFileType = sourcecode.swift; path = Food.swift; sourceTree = "<group>"; };
		230DABDB2C10723400CE6A39 /* Storage.swift */ = {isa = PBXFileReference; lastKnownFileType = sourcecode.swift; path = Storage.swift; sourceTree = "<group>"; };
		230DABDD2C1072FE00CE6A39 /* Navigation.swift */ = {isa = PBXFileReference; lastKnownFileType = sourcecode.swift; path = Navigation.swift; sourceTree = "<group>"; };
		230DABE02C10734300CE6A39 /* CategoryView.swift */ = {isa = PBXFileReference; lastKnownFileType = sourcecode.swift; path = CategoryView.swift; sourceTree = "<group>"; };
		230DABE22C10741700CE6A39 /* FoodRowView.swift */ = {isa = PBXFileReference; lastKnownFileType = sourcecode.swift; path = FoodRowView.swift; sourceTree = "<group>"; };
		230DABE42C1074D100CE6A39 /* FoodView.swift */ = {isa = PBXFileReference; lastKnownFileType = sourcecode.swift; path = FoodView.swift; sourceTree = "<group>"; };
/* End PBXFileReference section */

/* Begin PBXFrameworksBuildPhase section */
		230DABC12C1070B700CE6A39 /* Frameworks */ = {
			isa = PBXFrameworksBuildPhase;
			buildActionMask = 2147483647;
			files = (
			);
			runOnlyForDeploymentPostprocessing = 0;
		};
/* End PBXFrameworksBuildPhase section */

/* Begin PBXGroup section */
		230DABBB2C1070B700CE6A39 = {
			isa = PBXGroup;
			children = (
				230DABC62C1070B700CE6A39 /* ModernNavigation */,
				230DABC52C1070B700CE6A39 /* Products */,
			);
			sourceTree = "<group>";
		};
		230DABC52C1070B700CE6A39 /* Products */ = {
			isa = PBXGroup;
			children = (
				230DABC42C1070B700CE6A39 /* ModernNavigation.app */,
			);
			name = Products;
			sourceTree = "<group>";
		};
		230DABC62C1070B700CE6A39 /* ModernNavigation */ = {
			isa = PBXGroup;
			children = (
				230DABC72C1070B700CE6A39 /* ModernNavigationApp.swift */,
				230DABCB2C1070B800CE6A39 /* Assets.xcassets */,
				230DABDA2C10722A00CE6A39 /* Logic */,
				230DABD52C10713F00CE6A39 /* Model */,
				230DABCD2C1070B800CE6A39 /* Preview Content */,
				230DABDF2C10733800CE6A39 /* View */,
			);
			path = ModernNavigation;
			sourceTree = "<group>";
		};
		230DABCD2C1070B800CE6A39 /* Preview Content */ = {
			isa = PBXGroup;
			children = (
				230DABCE2C1070B800CE6A39 /* Preview Assets.xcassets */,
			);
			path = "Preview Content";
			sourceTree = "<group>";
		};
		230DABD52C10713F00CE6A39 /* Model */ = {
			isa = PBXGroup;
			children = (
				230DABD62C10715A00CE6A39 /* Category.swift */,
				230DABD82C1071C600CE6A39 /* Food.swift */,
			);
			path = Model;
			sourceTree = "<group>";
		};
		230DABDA2C10722A00CE6A39 /* Logic */ = {
			isa = PBXGroup;
			children = (
				230DABDB2C10723400CE6A39 /* Storage.swift */,
				230DABDD2C1072FE00CE6A39 /* Navigation.swift */,
			);
			path = Logic;
			sourceTree = "<group>";
		};
		230DABDF2C10733800CE6A39 /* View */ = {
			isa = PBXGroup;
			children = (
				230DABE02C10734300CE6A39 /* CategoryView.swift */,
				230DABC92C1070B700CE6A39 /* ContentView.swift */,
				230DABE22C10741700CE6A39 /* FoodRowView.swift */,
				230DABE42C1074D100CE6A39 /* FoodView.swift */,
			);
			path = View;
			sourceTree = "<group>";
		};
/* End PBXGroup section */

/* Begin PBXNativeTarget section */
		230DABC32C1070B700CE6A39 /* ModernNavigation */ = {
			isa = PBXNativeTarget;
			buildConfigurationList = 230DABD22C1070B800CE6A39 /* Build configuration list for PBXNativeTarget "ModernNavigation" */;
			buildPhases = (
				230DABC02C1070B700CE6A39 /* Sources */,
				230DABC12C1070B700CE6A39 /* Frameworks */,
				230DABC22C1070B700CE6A39 /* Resources */,
			);
			buildRules = (
			);
			dependencies = (
			);
			name = ModernNavigation;
			productName = ModernNavigation;
			productReference = 230DABC42C1070B700CE6A39 /* ModernNavigation.app */;
			productType = "com.apple.product-type.application";
		};
/* End PBXNativeTarget section */

/* Begin PBXProject section */
		230DABBC2C1070B700CE6A39 /* Project object */ = {
			isa = PBXProject;
			attributes = {
				BuildIndependentTargetsInParallel = 1;
				LastSwiftUpdateCheck = 1540;
				LastUpgradeCheck = 1540;
				TargetAttributes = {
					230DABC32C1070B700CE6A39 = {
						CreatedOnToolsVersion = 15.4;
					};
				};
			};
			buildConfigurationList = 230DABBF2C1070B700CE6A39 /* Build configuration list for PBXProject "ModernNavigation" */;
			compatibilityVersion = "Xcode 14.0";
			developmentRegion = en;
			hasScannedForEncodings = 0;
			knownRegions = (
				en,
				Base,
			);
			mainGroup = 230DABBB2C1070B700CE6A39;
			productRefGroup = 230DABC52C1070B700CE6A39 /* Products */;
			projectDirPath = "";
			projectRoot = "";
			targets = (
				230DABC32C1070B700CE6A39 /* ModernNavigation */,
			);
		};
/* End PBXProject section */

/* Begin PBXResourcesBuildPhase section */
		230DABC22C1070B700CE6A39 /* Resources */ = {
			isa = PBXResourcesBuildPhase;
			buildActionMask = 2147483647;
			files = (
				230DABCF2C1070B800CE6A39 /* Preview Assets.xcassets in Resources */,
				230DABCC2C1070B800CE6A39 /* Assets.xcassets in Resources */,
			);
			runOnlyForDeploymentPostprocessing = 0;
		};
/* End PBXResourcesBuildPhase section */

/* Begin PBXSourcesBuildPhase section */
		230DABC02C1070B700CE6A39 /* Sources */ = {
			isa = PBXSourcesBuildPhase;
			buildActionMask = 2147483647;
			files = (
				230DABE52C1074D100CE6A39 /* FoodView.swift in Sources */,
				230DABCA2C1070B700CE6A39 /* ContentView.swift in Sources */,
				230DABE12C10734300CE6A39 /* CategoryView.swift in Sources */,
				230DABD92C1071C600CE6A39 /* Food.swift in Sources */,
				230DABC82C1070B700CE6A39 /* ModernNavigationApp.swift in Sources */,
				230DABDE2C1072FE00CE6A39 /* Navigation.swift in Sources */,
				230DABD72C10715A00CE6A39 /* Category.swift in Sources */,
				230DABDC2C10723400CE6A39 /* Storage.swift in Sources */,
				230DABE32C10741700CE6A39 /* FoodRowView.swift in Sources */,
			);
			runOnlyForDeploymentPostprocessing = 0;
		};
/* End PBXSourcesBuildPhase section */

/* Begin XCBuildConfiguration section */
		230DABD02C1070B800CE6A39 /* Debug */ = {
			isa = XCBuildConfiguration;
			buildSettings = {
				ALWAYS_SEARCH_USER_PATHS = NO;
				ASSETCATALOG_COMPILER_GENERATE_SWIFT_ASSET_SYMBOL_EXTENSIONS = YES;
				CLANG_ANALYZER_NONNULL = YES;
				CLANG_ANALYZER_NUMBER_OBJECT_CONVERSION = YES_AGGRESSIVE;
				CLANG_CXX_LANGUAGE_STANDARD = "gnu++20";
				CLANG_ENABLE_MODULES = YES;
				CLANG_ENABLE_OBJC_ARC = YES;
				CLANG_ENABLE_OBJC_WEAK = YES;
				CLANG_WARN_BLOCK_CAPTURE_AUTORELEASING = YES;
				CLANG_WARN_BOOL_CONVERSION = YES;
				CLANG_WARN_COMMA = YES;
				CLANG_WARN_CONSTANT_CONVERSION = YES;
				CLANG_WARN_DEPRECATED_OBJC_IMPLEMENTATIONS = YES;
				CLANG_WARN_DIRECT_OBJC_ISA_USAGE = YES_ERROR;
				CLANG_WARN_DOCUMENTATION_COMMENTS = YES;
				CLANG_WARN_EMPTY_BODY = YES;
				CLANG_WARN_ENUM_CONVERSION = YES;
				CLANG_WARN_INFINITE_RECURSION = YES;
				CLANG_WARN_INT_CONVERSION = YES;
				CLANG_WARN_NON_LITERAL_NULL_CONVERSION = YES;
				CLANG_WARN_OBJC_IMPLICIT_RETAIN_SELF = YES;
				CLANG_WARN_OBJC_LITERAL_CONVERSION = YES;
				CLANG_WARN_OBJC_ROOT_CLASS = YES_ERROR;
				CLANG_WARN_QUOTED_INCLUDE_IN_FRAMEWORK_HEADER = YES;
				CLANG_WARN_RANGE_LOOP_ANALYSIS = YES;
				CLANG_WARN_STRICT_PROTOTYPES = YES;
				CLANG_WARN_SUSPICIOUS_MOVE = YES;
				CLANG_WARN_UNGUARDED_AVAILABILITY = YES_AGGRESSIVE;
				CLANG_WARN_UNREACHABLE_CODE = YES;
				CLANG_WARN__DUPLICATE_METHOD_MATCH = YES;
				COPY_PHASE_STRIP = NO;
				DEBUG_INFORMATION_FORMAT = dwarf;
				ENABLE_STRICT_OBJC_MSGSEND = YES;
				ENABLE_TESTABILITY = YES;
				ENABLE_USER_SCRIPT_SANDBOXING = YES;
				GCC_C_LANGUAGE_STANDARD = gnu17;
				GCC_DYNAMIC_NO_PIC = NO;
				GCC_NO_COMMON_BLOCKS = YES;
				GCC_OPTIMIZATION_LEVEL = 0;
				GCC_PREPROCESSOR_DEFINITIONS = (
					"DEBUG=1",
					"$(inherited)",
				);
				GCC_WARN_64_TO_32_BIT_CONVERSION = YES;
				GCC_WARN_ABOUT_RETURN_TYPE = YES_ERROR;
				GCC_WARN_UNDECLARED_SELECTOR = YES;
				GCC_WARN_UNINITIALIZED_AUTOS = YES_AGGRESSIVE;
				GCC_WARN_UNUSED_FUNCTION = YES;
				GCC_WARN_UNUSED_VARIABLE = YES;
				IPHONEOS_DEPLOYMENT_TARGET = 17.5;
				LOCALIZATION_PREFERS_STRING_CATALOGS = YES;
				MTL_ENABLE_DEBUG_INFO = INCLUDE_SOURCE;
				MTL_FAST_MATH = YES;
				ONLY_ACTIVE_ARCH = YES;
				SDKROOT = iphoneos;
				SWIFT_ACTIVE_COMPILATION_CONDITIONS = "DEBUG $(inherited)";
				SWIFT_OPTIMIZATION_LEVEL = "-Onone";
			};
			name = Debug;
		};
		230DABD12C1070B800CE6A39 /* Release */ = {
			isa = XCBuildConfiguration;
			buildSettings = {
				ALWAYS_SEARCH_USER_PATHS = NO;
				ASSETCATALOG_COMPILER_GENERATE_SWIFT_ASSET_SYMBOL_EXTENSIONS = YES;
				CLANG_ANALYZER_NONNULL = YES;
				CLANG_ANALYZER_NUMBER_OBJECT_CONVERSION = YES_AGGRESSIVE;
				CLANG_CXX_LANGUAGE_STANDARD = "gnu++20";
				CLANG_ENABLE_MODULES = YES;
				CLANG_ENABLE_OBJC_ARC = YES;
				CLANG_ENABLE_OBJC_WEAK = YES;
				CLANG_WARN_BLOCK_CAPTURE_AUTORELEASING = YES;
				CLANG_WARN_BOOL_CONVERSION = YES;
				CLANG_WARN_COMMA = YES;
				CLANG_WARN_CONSTANT_CONVERSION = YES;
				CLANG_WARN_DEPRECATED_OBJC_IMPLEMENTATIONS = YES;
				CLANG_WARN_DIRECT_OBJC_ISA_USAGE = YES_ERROR;
				CLANG_WARN_DOCUMENTATION_COMMENTS = YES;
				CLANG_WARN_EMPTY_BODY = YES;
				CLANG_WARN_ENUM_CONVERSION = YES;
				CLANG_WARN_INFINITE_RECURSION = YES;
				CLANG_WARN_INT_CONVERSION = YES;
				CLANG_WARN_NON_LITERAL_NULL_CONVERSION = YES;
				CLANG_WARN_OBJC_IMPLICIT_RETAIN_SELF = YES;
				CLANG_WARN_OBJC_LITERAL_CONVERSION = YES;
				CLANG_WARN_OBJC_ROOT_CLASS = YES_ERROR;
				CLANG_WARN_QUOTED_INCLUDE_IN_FRAMEWORK_HEADER = YES;
				CLANG_WARN_RANGE_LOOP_ANALYSIS = YES;
				CLANG_WARN_STRICT_PROTOTYPES = YES;
				CLANG_WARN_SUSPICIOUS_MOVE = YES;
				CLANG_WARN_UNGUARDED_AVAILABILITY = YES_AGGRESSIVE;
				CLANG_WARN_UNREACHABLE_CODE = YES;
				CLANG_WARN__DUPLICATE_METHOD_MATCH = YES;
				COPY_PHASE_STRIP = NO;
				DEBUG_INFORMATION_FORMAT = "dwarf-with-dsym";
				ENABLE_NS_ASSERTIONS = NO;
				ENABLE_STRICT_OBJC_MSGSEND = YES;
				ENABLE_USER_SCRIPT_SANDBOXING = YES;
				GCC_C_LANGUAGE_STANDARD = gnu17;
				GCC_NO_COMMON_BLOCKS = YES;
				GCC_WARN_64_TO_32_BIT_CONVERSION = YES;
				GCC_WARN_ABOUT_RETURN_TYPE = YES_ERROR;
				GCC_WARN_UNDECLARED_SELECTOR = YES;
				GCC_WARN_UNINITIALIZED_AUTOS = YES_AGGRESSIVE;
				GCC_WARN_UNUSED_FUNCTION = YES;
				GCC_WARN_UNUSED_VARIABLE = YES;
				IPHONEOS_DEPLOYMENT_TARGET = 17.5;
				LOCALIZATION_PREFERS_STRING_CATALOGS = YES;
				MTL_ENABLE_DEBUG_INFO = NO;
				MTL_FAST_MATH = YES;
				SDKROOT = iphoneos;
				SWIFT_COMPILATION_MODE = wholemodule;
				VALIDATE_PRODUCT = YES;
			};
			name = Release;
		};
		230DABD32C1070B800CE6A39 /* Debug */ = {
			isa = XCBuildConfiguration;
			buildSettings = {
				ASSETCATALOG_COMPILER_APPICON_NAME = AppIcon;
				ASSETCATALOG_COMPILER_GLOBAL_ACCENT_COLOR_NAME = AccentColor;
				CODE_SIGN_STYLE = Automatic;
				CURRENT_PROJECT_VERSION = 1;
				DEVELOPMENT_ASSET_PATHS = "\"ModernNavigation/Preview Content\"";
				ENABLE_PREVIEWS = YES;
				GENERATE_INFOPLIST_FILE = YES;
				INFOPLIST_KEY_UIApplicationSceneManifest_Generation = YES;
				INFOPLIST_KEY_UIApplicationSupportsIndirectInputEvents = YES;
				INFOPLIST_KEY_UILaunchScreen_Generation = YES;
				INFOPLIST_KEY_UISupportedInterfaceOrientations_iPad = "UIInterfaceOrientationPortrait UIInterfaceOrientationPortraitUpsideDown UIInterfaceOrientationLandscapeLeft UIInterfaceOrientationLandscapeRight";
				INFOPLIST_KEY_UISupportedInterfaceOrientations_iPhone = "UIInterfaceOrientationPortrait UIInterfaceOrientationLandscapeLeft UIInterfaceOrientationLandscapeRight";
				LD_RUNPATH_SEARCH_PATHS = (
					"$(inherited)",
					"@executable_path/Frameworks",
				);
				MARKETING_VERSION = 1.0;
				PRODUCT_BUNDLE_IDENTIFIER = com.gungorbasa.ModernNavigation;
				PRODUCT_NAME = "$(TARGET_NAME)";
				SWIFT_EMIT_LOC_STRINGS = YES;
				SWIFT_VERSION = 5.0;
				TARGETED_DEVICE_FAMILY = "1,2";
			};
			name = Debug;
		};
		230DABD42C1070B800CE6A39 /* Release */ = {
			isa = XCBuildConfiguration;
			buildSettings = {
				ASSETCATALOG_COMPILER_APPICON_NAME = AppIcon;
				ASSETCATALOG_COMPILER_GLOBAL_ACCENT_COLOR_NAME = AccentColor;
				CODE_SIGN_STYLE = Automatic;
				CURRENT_PROJECT_VERSION = 1;
				DEVELOPMENT_ASSET_PATHS = "\"ModernNavigation/Preview Content\"";
				ENABLE_PREVIEWS = YES;
				GENERATE_INFOPLIST_FILE = YES;
				INFOPLIST_KEY_UIApplicationSceneManifest_Generation = YES;
				INFOPLIST_KEY_UIApplicationSupportsIndirectInputEvents = YES;
				INFOPLIST_KEY_UILaunchScreen_Generation = YES;
				INFOPLIST_KEY_UISupportedInterfaceOrientations_iPad = "UIInterfaceOrientationPortrait UIInterfaceOrientationPortraitUpsideDown UIInterfaceOrientationLandscapeLeft UIInterfaceOrientationLandscapeRight";
				INFOPLIST_KEY_UISupportedInterfaceOrientations_iPhone = "UIInterfaceOrientationPortrait UIInterfaceOrientationLandscapeLeft UIInterfaceOrientationLandscapeRight";
				LD_RUNPATH_SEARCH_PATHS = (
					"$(inherited)",
					"@executable_path/Frameworks",
				);
				MARKETING_VERSION = 1.0;
				PRODUCT_BUNDLE_IDENTIFIER = com.gungorbasa.ModernNavigation;
				PRODUCT_NAME = "$(TARGET_NAME)";
				SWIFT_EMIT_LOC_STRINGS = YES;
				SWIFT_VERSION = 5.0;
				TARGETED_DEVICE_FAMILY = "1,2";
			};
			name = Release;
		};
/* End XCBuildConfiguration section */

/* Begin XCConfigurationList section */
		230DABBF2C1070B700CE6A39 /* Build configuration list for PBXProject "ModernNavigation" */ = {
			isa = XCConfigurationList;
			buildConfigurations = (
				230DABD02C1070B800CE6A39 /* Debug */,
				230DABD12C1070B800CE6A39 /* Release */,
			);
			defaultConfigurationIsVisible = 0;
			defaultConfigurationName = Release;
		};
		230DABD22C1070B800CE6A39 /* Build configuration list for PBXNativeTarget "ModernNavigation" */ = {
			isa = XCConfigurationList;
			buildConfigurations = (
				230DABD32C1070B800CE6A39 /* Debug */,
				230DABD42C1070B800CE6A39 /* Release */,
			);
			defaultConfigurationIsVisible = 0;
			defaultConfigurationName = Release;
		};
/* End XCConfigurationList section */
	};
	rootObject = 230DABBC2C1070B700CE6A39 /* Project object */;
}
